
Microsoft Visual Studio Solution File, Format Version 12.00
# Visual Studio 15
VisualStudioVersion = 15.0.28307.779
MinimumVisualStudioVersion = 10.0.40219.1
Project("{FAE04EC0-301F-11D3-BF4B-00C04F79EFBC}") = "UofLConnect", "UofLConnect\UofLConnect.csproj", "{9708079B-0901-4657-A59F-D380D3E1A9B8}"
EndProject
Global
	GlobalSection(SolutionConfigurationPlatforms) = preSolution
		Debug|Any CPU = Debug|Any CPU
		Release|Any CPU = Release|Any CPU
	EndGlobalSection
	GlobalSection(ProjectConfigurationPlatforms) = postSolution
		{9708079B-0901-4657-A59F-D380D3E1A9B8}.Debug|Any CPU.ActiveCfg = Debug|Any CPU
		{9708079B-0901-4657-A59F-D380D3E1A9B8}.Debug|Any CPU.Build.0 = Debug|Any CPU
		{9708079B-0901-4657-A59F-D380D3E1A9B8}.Release|Any CPU.ActiveCfg = Release|Any CPU
		{9708079B-0901-4657-A59F-D380D3E1A9B8}.Release|Any CPU.Build.0 = Release|Any CPU
	EndGlobalSection
	GlobalSection(SolutionProperties) = preSolution
		HideSolutionNode = FALSE
	EndGlobalSection
	GlobalSection(ExtensibilityGlobals) = postSolution
		SolutionGuid = {5AD2D39B-6370-4F63-8A7E-B99A69B60AE4}
	EndGlobalSection
EndGlobal
